Microsoft Visual Studio Solution File, Format Version 12.00
# Visual Studio Version 17
VisualStudioVersion = 17.5.2.0
MinimumVisualStudioVersion = 10.0.40219.1
Project("{FAE04EC0-301F-11D3-BF4B-00C04F79EFBC}") = "FASE#1", "FASE#1.csproj", "{3D832AC5-7888-FEB4-68C4-9AF029D82DD9}"
EndProject
Global
	GlobalSection(SolutionConfigurationPlatforms) = preSolution
		Debug|Any CPU = Debug|Any CPU
		Release|Any CPU = Release|Any CPU
	EndGlobalSection
	GlobalSection(ProjectConfigurationPlatforms) = postSolution
		{3D832AC5-7888-FEB4-68C4-9AF029D82DD9}.Debug|Any CPU.ActiveCfg = Debug|Any CPU
		{3D832AC5-7888-FEB4-68C4-9AF029D82DD9}.Debug|Any CPU.Build.0 = Debug|Any CPU
		{3D832AC5-7888-FEB4-68C4-9AF029D82DD9}.Release|Any CPU.ActiveCfg = Release|Any CPU
		{3D832AC5-7888-FEB4-68C4-9AF029D82DD9}.Release|Any CPU.Build.0 = Release|Any CPU
	EndGlobalSection
	GlobalSection(SolutionProperties) = preSolution
		HideSolutionNode = FALSE
	EndGlobalSection
	GlobalSection(ExtensibilityGlobals) = postSolution
		SolutionGuid = {1EE1D5DD-4DDC-49EB-BB77-C6A661E01652}
	EndGlobalSection
EndGlobal
